
Microsoft Visual Studio Solution File, Format Version 12.00
# Visual Studio Version 17
VisualStudioVersion = 17.4.33205.214
MinimumVisualStudioVersion = 10.0.40219.1
Project("{FAE04EC0-301F-11D3-BF4B-00C04F79EFBC}") = "lab4", "lab4.csproj", "{C7277178-1039-4797-BE19-80C4F40890AB}"
EndProject
Global
	GlobalSection(SolutionConfigurationPlatforms) = preSolution
		Debug|Any CPU = Debug|Any CPU
		Release|Any CPU = Release|Any CPU
	EndGlobalSection
	GlobalSection(ProjectConfigurationPlatforms) = postSolution
		{C7277178-1039-4797-BE19-80C4F40890AB}.Debug|Any CPU.ActiveCfg = Debug|Any CPU
		{C7277178-1039-4797-BE19-80C4F40890AB}.Debug|Any CPU.Build.0 = Debug|Any CPU
		{C7277178-1039-4797-BE19-80C4F40890AB}.Release|Any CPU.ActiveCfg = Release|Any CPU
		{C7277178-1039-4797-BE19-80C4F40890AB}.Release|Any CPU.Build.0 = Release|Any CPU
	EndGlobalSection
	GlobalSection(SolutionProperties) = preSolution
		HideSolutionNode = FALSE
	EndGlobalSection
	GlobalSection(ExtensibilityGlobals) = postSolution
		SolutionGuid = {8E2EF8FF-5BBA-4647-B7D6-96744F98B09B}
	EndGlobalSection
EndGlobal
